
Microsoft Visual Studio Solution File, Format Version 12.00
# Visual Studio 15
VisualStudioVersion = 15.0.28307.645
MinimumVisualStudioVersion = 10.0.40219.1
Project("{9A19103F-16F7-4668-BE54-9A1E7A4F7556}") = "LeumiChallenge.Common", "LeumiChallenge.Common\LeumiChallenge.Common.csproj", "{019667A1-27CC-4336-BC19-2FC818889A0B}"
EndProject
Project("{9A19103F-16F7-4668-BE54-9A1E7A4F7556}") = "LeumiChallenge.Common.Tests", "LeumiChallenge.Common.Tests\LeumiChallenge.Common.Tests.csproj", "{E301CA31-74E4-468C-91BB-479BF004D670}"
EndProject
Project("{9A19103F-16F7-4668-BE54-9A1E7A4F7556}") = "LeumiChallenge.DataAccessLayer", "LeumiChallenge.DataAccessLayer\LeumiChallenge.DataAccessLayer.csproj", "{E8BFF935-339B-4FDA-8237-112EAC7AE3C3}"
EndProject
Project("{9A19103F-16F7-4668-BE54-9A1E7A4F7556}") = "LeumiChallenge.DataAccessLayer.Tests", "LeumiChallenge.DataAccessLayer.Tests\LeumiChallenge.DataAccessLayer.Tests.csproj", "{AF7CDAEB-3997-497D-A3BA-61616DA56706}"
EndProject
Project("{FAE04EC0-301F-11D3-BF4B-00C04F79EFBC}") = "LeumiChallenge.BusinessLogicLayer", "LeumiChallenge.BusinessLogicLayer\LeumiChallenge.BusinessLogicLayer.csproj", "{848FADBF-F0EC-42E9-9DAD-6687FCAF7C9C}"
EndProject
Project("{FAE04EC0-301F-11D3-BF4B-00C04F79EFBC}") = "LeumiChallenge.WebApp", "LeumiChallenge.WebApp\LeumiChallenge.WebApp.csproj", "{2D502764-D479-4B4B-B9CE-6EC572EF19E0}"
EndProject
Global
	GlobalSection(SolutionConfigurationPlatforms) = preSolution
		Debug|Any CPU = Debug|Any CPU
		Release|Any CPU = Release|Any CPU
	EndGlobalSection
	GlobalSection(ProjectConfigurationPlatforms) = postSolution
		{019667A1-27CC-4336-BC19-2FC818889A0B}.Debug|Any CPU.ActiveCfg = Debug|Any CPU
		{019667A1-27CC-4336-BC19-2FC818889A0B}.Debug|Any CPU.Build.0 = Debug|Any CPU
		{019667A1-27CC-4336-BC19-2FC818889A0B}.Release|Any CPU.ActiveCfg = Release|Any CPU
		{019667A1-27CC-4336-BC19-2FC818889A0B}.Release|Any CPU.Build.0 = Release|Any CPU
		{E301CA31-74E4-468C-91BB-479BF004D670}.Debug|Any CPU.ActiveCfg = Debug|Any CPU
		{E301CA31-74E4-468C-91BB-479BF004D670}.Debug|Any CPU.Build.0 = Debug|Any CPU
		{E301CA31-74E4-468C-91BB-479BF004D670}.Release|Any CPU.ActiveCfg = Release|Any CPU
		{E301CA31-74E4-468C-91BB-479BF004D670}.Release|Any CPU.Build.0 = Release|Any CPU
		{E8BFF935-339B-4FDA-8237-112EAC7AE3C3}.Debug|Any CPU.ActiveCfg = Debug|Any CPU
		{E8BFF935-339B-4FDA-8237-112EAC7AE3C3}.Debug|Any CPU.Build.0 = Debug|Any CPU
		{E8BFF935-339B-4FDA-8237-112EAC7AE3C3}.Release|Any CPU.ActiveCfg = Release|Any CPU
		{E8BFF935-339B-4FDA-8237-112EAC7AE3C3}.Release|Any CPU.Build.0 = Release|Any CPU
		{AF7CDAEB-3997-497D-A3BA-61616DA56706}.Debug|Any CPU.ActiveCfg = Debug|Any CPU
		{AF7CDAEB-3997-497D-A3BA-61616DA56706}.Debug|Any CPU.Build.0 = Debug|Any CPU
		{AF7CDAEB-3997-497D-A3BA-61616DA56706}.Release|Any CPU.ActiveCfg = Release|Any CPU
		{AF7CDAEB-3997-497D-A3BA-61616DA56706}.Release|Any CPU.Build.0 = Release|Any CPU
		{848FADBF-F0EC-42E9-9DAD-6687FCAF7C9C}.Debug|Any CPU.ActiveCfg = Debug|Any CPU
		{848FADBF-F0EC-42E9-9DAD-6687FCAF7C9C}.Debug|Any CPU.Build.0 = Debug|Any CPU
		{848FADBF-F0EC-42E9-9DAD-6687FCAF7C9C}.Release|Any CPU.ActiveCfg = Release|Any CPU
		{848FADBF-F0EC-42E9-9DAD-6687FCAF7C9C}.Release|Any CPU.Build.0 = Release|Any CPU
		{2D502764-D479-4B4B-B9CE-6EC572EF19E0}.Debug|Any CPU.ActiveCfg = Debug|Any CPU
		{2D502764-D479-4B4B-B9CE-6EC572EF19E0}.Debug|Any CPU.Build.0 = Debug|Any CPU
		{2D502764-D479-4B4B-B9CE-6EC572EF19E0}.Release|Any CPU.ActiveCfg = Release|Any CPU
		{2D502764-D479-4B4B-B9CE-6EC572EF19E0}.Release|Any CPU.Build.0 = Release|Any CPU
	EndGlobalSection
	GlobalSection(SolutionProperties) = preSolution
		HideSolutionNode = FALSE
	EndGlobalSection
	GlobalSection(ExtensibilityGlobals) = postSolution
		SolutionGuid = {28FA9C94-AA6F-43D3-BF57-E601213088F0}
	EndGlobalSection
EndGlobal
